
Microsoft Visual Studio Solution File, Format Version 12.00
# Visual Studio Version 16
VisualStudioVersion = 16.0.29806.167
MinimumVisualStudioVersion = 10.0.40219.1
Project("{FAE04EC0-301F-11D3-BF4B-00C04F79EFBC}") = "CRUDAppMVC", "CRUDAppMVC\CRUDAppMVC.csproj", "{ACAE8C32-D17E-44C8-9D66-85C57782F8AA}"
EndProject
Global
	GlobalSection(SolutionConfigurationPlatforms) = preSolution
		Debug|Any CPU = Debug|Any CPU
		Release|Any CPU = Release|Any CPU
	EndGlobalSection
	GlobalSection(ProjectConfigurationPlatforms) = postSolution
		{ACAE8C32-D17E-44C8-9D66-85C57782F8AA}.Debug|Any CPU.ActiveCfg = Debug|Any CPU
		{ACAE8C32-D17E-44C8-9D66-85C57782F8AA}.Debug|Any CPU.Build.0 = Debug|Any CPU
		{ACAE8C32-D17E-44C8-9D66-85C57782F8AA}.Release|Any CPU.ActiveCfg = Release|Any CPU
		{ACAE8C32-D17E-44C8-9D66-85C57782F8AA}.Release|Any CPU.Build.0 = Release|Any CPU
	EndGlobalSection
	GlobalSection(SolutionProperties) = preSolution
		HideSolutionNode = FALSE
	EndGlobalSection
	GlobalSection(ExtensibilityGlobals) = postSolution
		SolutionGuid = {C1DBA0F8-316A-48B7-8B7F-A6D3CC44D10C}
	EndGlobalSection
EndGlobal
